{
  "name": "sandbox",
  "version": "1.0.0",
  "lockfileVersion": 3,
  "requires": true,
  "packages": {
    "": {
      "name": "sandbox",
      "version": "1.0.0",
      "license": "ISC",
      "dependencies": {
        "links-notation": "^0.13.0",
        "lino-objects-codec": "^0.3.1"
      }
    },
    "node_modules/links-notation": {
      "version": "0.13.0",
      "resolved": "https://registry.npmjs.org/links-notation/-/links-notation-0.13.0.tgz",
      "integrity": "sha512-52FoUAVOhjfC23bdvrxv6b4Eosp02WeM3qTN9Rsb3ouPof5YVQ5fOMlRPMJmKMmdseVzEnewNLFq3lADRpWTFg==",
      "license": "Unlicense"
    },
    "node_modules/lino-objects-codec": {
      "version": "0.3.1",
      "resolved": "https://registry.npmjs.org/lino-objects-codec/-/lino-objects-codec-0.3.1.tgz",
      "integrity": "sha512-2zjFomVOc+TT9UDRBM9PvzuXiEV4b2uA6kL5yi180Y7QXpYOpTplRjbToUs6Zew1YLO+R+ik2SthOK88JBAMvg==",
      "license": "Unlicense",
      "dependencies": {
        "links-notation": "^0.11.0"
      },
      "engines": {
        "node": ">=18.0.0"
      }
    },
    "node_modules/lino-objects-codec/node_modules/links-notation": {
      "version": "0.11.2",
      "resolved": "https://registry.npmjs.org/links-notation/-/links-notation-0.11.2.tgz",
      "integrity": "sha512-VPyELWBXpaCCiNPVeZhMbG7RuvOQR51nhqELK+s/rbSzKYhSs+tyiSOdQ7z8I7Kh3PLABF3bZETtWSFwx3vFfg==",
      "license": "Unlicense"
    }
  }
}
